
Microsoft Visual Studio Solution File, Format Version 12.00
# Visual Studio Version 17
VisualStudioVersion = 17.7.34031.279
MinimumVisualStudioVersion = 10.0.40219.1
Project("{FAE04EC0-301F-11D3-BF4B-00C04F79EFBC}") = "Lab5_Ex1", "Lab5_Ex1.csproj", "{4FDCF532-B720-4030-9BAA-143F839F6CA2}"
EndProject
Global
	GlobalSection(SolutionConfigurationPlatforms) = preSolution
		Debug|Any CPU = Debug|Any CPU
		Release|Any CPU = Release|Any CPU
	EndGlobalSection
	GlobalSection(ProjectConfigurationPlatforms) = postSolution
		{4FDCF532-B720-4030-9BAA-143F839F6CA2}.Debug|Any CPU.ActiveCfg = Debug|Any CPU
		{4FDCF532-B720-4030-9BAA-143F839F6CA2}.Debug|Any CPU.Build.0 = Debug|Any CPU
		{4FDCF532-B720-4030-9BAA-143F839F6CA2}.Release|Any CPU.ActiveCfg = Release|Any CPU
		{4FDCF532-B720-4030-9BAA-143F839F6CA2}.Release|Any CPU.Build.0 = Release|Any CPU
	EndGlobalSection
	GlobalSection(SolutionProperties) = preSolution
		HideSolutionNode = FALSE
	EndGlobalSection
	GlobalSection(ExtensibilityGlobals) = postSolution
		SolutionGuid = {F659C8A7-57E0-4891-AF06-1721F9D8038C}
	EndGlobalSection
EndGlobal
