
Microsoft Visual Studio Solution File, Format Version 12.00
# Visual Studio Version 17
VisualStudioVersion = 17.7.34031.279
MinimumVisualStudioVersion = 10.0.40219.1
Project("{FAE04EC0-301F-11D3-BF4B-00C04F79EFBC}") = "Lab5_Ex2", "Lab5_Ex2.csproj", "{12DC5677-3C2E-4128-B304-07581FCCF27D}"
EndProject
Global
	GlobalSection(SolutionConfigurationPlatforms) = preSolution
		Debug|Any CPU = Debug|Any CPU
		Release|Any CPU = Release|Any CPU
	EndGlobalSection
	GlobalSection(ProjectConfigurationPlatforms) = postSolution
		{12DC5677-3C2E-4128-B304-07581FCCF27D}.Debug|Any CPU.ActiveCfg = Debug|Any CPU
		{12DC5677-3C2E-4128-B304-07581FCCF27D}.Debug|Any CPU.Build.0 = Debug|Any CPU
		{12DC5677-3C2E-4128-B304-07581FCCF27D}.Release|Any CPU.ActiveCfg = Release|Any CPU
		{12DC5677-3C2E-4128-B304-07581FCCF27D}.Release|Any CPU.Build.0 = Release|Any CPU
	EndGlobalSection
	GlobalSection(SolutionProperties) = preSolution
		HideSolutionNode = FALSE
	EndGlobalSection
	GlobalSection(ExtensibilityGlobals) = postSolution
		SolutionGuid = {9CF07D12-FBA6-4B82-BAA2-8AB81FCBEFEA}
	EndGlobalSection
EndGlobal
